
Microsoft Visual Studio Solution File, Format Version 12.00
# Visual Studio Version 17
VisualStudioVersion = 17.4.33205.214
MinimumVisualStudioVersion = 10.0.40219.1
Project("{FAE04EC0-301F-11D3-BF4B-00C04F79EFBC}") = "Homework-7", "Homework-7\Homework-7.csproj", "{E795A2D1-752E-4FFE-9676-B1162E74B91D}"
EndProject
Global
	GlobalSection(SolutionConfigurationPlatforms) = preSolution
		Debug|Any CPU = Debug|Any CPU
		Release|Any CPU = Release|Any CPU
	EndGlobalSection
	GlobalSection(ProjectConfigurationPlatforms) = postSolution
		{E795A2D1-752E-4FFE-9676-B1162E74B91D}.Debug|Any CPU.ActiveCfg = Debug|Any CPU
		{E795A2D1-752E-4FFE-9676-B1162E74B91D}.Debug|Any CPU.Build.0 = Debug|Any CPU
		{E795A2D1-752E-4FFE-9676-B1162E74B91D}.Release|Any CPU.ActiveCfg = Release|Any CPU
		{E795A2D1-752E-4FFE-9676-B1162E74B91D}.Release|Any CPU.Build.0 = Release|Any CPU
	EndGlobalSection
	GlobalSection(SolutionProperties) = preSolution
		HideSolutionNode = FALSE
	EndGlobalSection
	GlobalSection(ExtensibilityGlobals) = postSolution
		SolutionGuid = {27AC1660-3BAF-4912-A24F-7C2A802B107D}
	EndGlobalSection
EndGlobal
